// !$*UTF8*$!
{
	archiveVersion = 1;
	classes = {
	};
	objectVersion = 50;
	objects = {

/* Begin PBXBuildFile section */
		0705334A25698446007E93F7 /* AdicionarItensViewController.swift in Sources */ = {isa = PBXBuildFile; fileRef = 0705334825698446007E93F7 /* AdicionarItensViewController.swift */; };
		0705334B25698446007E93F7 /* AdicionarItensViewController.xib in Resources */ = {isa = PBXBuildFile; fileRef = 0705334925698446007E93F7 /* AdicionarItensViewController.xib */; };
		07253197256ED5DA00191A6A /* RefeicaoDAO.swift in Sources */ = {isa = PBXBuildFile; fileRef = 07253196256ED5DA00191A6A /* RefeicaoDAO.swift */; };
		0725319A256ED94D00191A6A /* ItemDAO.swift in Sources */ = {isa = PBXBuildFile; fileRef = 07253199256ED94D00191A6A /* ItemDAO.swift */; };
		07A3609825673E020043F8FA /* RefeicoesTableViewController.swift in Sources */ = {isa = PBXBuildFile; fileRef = 07A3609725673E020043F8FA /* RefeicoesTableViewController.swift */; };
		07B04E96256732F1007C9D4D /* Refeicao.swift in Sources */ = {isa = PBXBuildFile; fileRef = 07B04E95256732F1007C9D4D /* Refeicao.swift */; };
		07B04E9A25673346007C9D4D /* Item.swift in Sources */ = {isa = PBXBuildFile; fileRef = 07B04E9925673346007C9D4D /* Item.swift */; };
		07D970D12566F43E00820A87 /* AppDelegate.swift in Sources */ = {isa = PBXBuildFile; fileRef = 07D970D02566F43E00820A87 /* AppDelegate.swift */; };
		07D970D32566F43E00820A87 /* SceneDelegate.swift in Sources */ = {isa = PBXBuildFile; fileRef = 07D970D22566F43E00820A87 /* SceneDelegate.swift */; };
		07D970D52566F43E00820A87 /* ViewController.swift in Sources */ = {isa = PBXBuildFile; fileRef = 07D970D42566F43E00820A87 /* ViewController.swift */; };
		07D970D82566F43E00820A87 /* Main.storyboard in Resources */ = {isa = PBXBuildFile; fileRef = 07D970D62566F43E00820A87 /* Main.storyboard */; };
		07D970DA2566F43F00820A87 /* Assets.xcassets in Resources */ = {isa = PBXBuildFile; fileRef = 07D970D92566F43F00820A87 /* Assets.xcassets */; };
		07D970DD2566F43F00820A87 /* LaunchScreen.storyboard in Resources */ = {isa = PBXBuildFile; fileRef = 07D970DB2566F43F00820A87 /* LaunchScreen.storyboard */; };
		07F9B4C5256BEC8D00038A59 /* Alerta.swift in Sources */ = {isa = PBXBuildFile; fileRef = 07F9B4C4256BEC8D00038A59 /* Alerta.swift */; };
		07F9B4C8256C03D000038A59 /* RemoveRefeicaoViewController.swift in Sources */ = {isa = PBXBuildFile; fileRef = 07F9B4C7256C03D000038A59 /* RemoveRefeicaoViewController.swift */; };
/* End PBXBuildFile section */

/* Begin PBXFileReference section */
		0705334825698446007E93F7 /* AdicionarItensViewController.swift */ = {isa = PBXFileReference; lastKnownFileType = sourcecode.swift; path = AdicionarItensViewController.swift; sourceTree = "<group>"; };
		0705334925698446007E93F7 /* AdicionarItensViewController.xib */ = {isa = PBXFileReference; lastKnownFileType = file.xib; path = AdicionarItensViewController.xib; sourceTree = "<group>"; };
		07253196256ED5DA00191A6A /* RefeicaoDAO.swift */ = {isa = PBXFileReference; lastKnownFileType = sourcecode.swift; path = RefeicaoDAO.swift; sourceTree = "<group>"; };
		07253199256ED94D00191A6A /* ItemDAO.swift */ = {isa = PBXFileReference; lastKnownFileType = sourcecode.swift; path = ItemDAO.swift; sourceTree = "<group>"; };
		07A3609725673E020043F8FA /* RefeicoesTableViewController.swift */ = {isa = PBXFileReference; lastKnownFileType = sourcecode.swift; path = RefeicoesTableViewController.swift; sourceTree = "<group>"; };
		07B04E95256732F1007C9D4D /* Refeicao.swift */ = {isa = PBXFileReference; lastKnownFileType = sourcecode.swift; path = Refeicao.swift; sourceTree = "<group>"; };
		07B04E9925673346007C9D4D /* Item.swift */ = {isa = PBXFileReference; lastKnownFileType = sourcecode.swift; path = Item.swift; sourceTree = "<group>"; };
		07D970CD2566F43E00820A87 /* eggplant-brownie.app */ = {isa = PBXFileReference; explicitFileType = wrapper.application; includeInIndex = 0; path = "eggplant-brownie.app"; sourceTree = BUILT_PRODUCTS_DIR; };
		07D970D02566F43E00820A87 /* AppDelegate.swift */ = {isa = PBXFileReference; lastKnownFileType = sourcecode.swift; path = AppDelegate.swift; sourceTree = "<group>"; };
		07D970D22566F43E00820A87 /* SceneDelegate.swift */ = {isa = PBXFileReference; lastKnownFileType = sourcecode.swift; path = SceneDelegate.swift; sourceTree = "<group>"; };
		07D970D42566F43E00820A87 /* ViewController.swift */ = {isa = PBXFileReference; lastKnownFileType = sourcecode.swift; path = ViewController.swift; sourceTree = "<group>"; };
		07D970D72566F43E00820A87 /* Base */ = {isa = PBXFileReference; lastKnownFileType = file.storyboard; name = Base; path = Base.lproj/Main.storyboard; sourceTree = "<group>"; };
		07D970D92566F43F00820A87 /* Assets.xcassets */ = {isa = PBXFileReference; lastKnownFileType = folder.assetcatalog; path = Assets.xcassets; sourceTree = "<group>"; };
		07D970DC2566F43F00820A87 /* Base */ = {isa = PBXFileReference; lastKnownFileType = file.storyboard; name = Base; path = Base.lproj/LaunchScreen.storyboard; sourceTree = "<group>"; };
		07D970DE2566F43F00820A87 /* Info.plist */ = {isa = PBXFileReference; lastKnownFileType = text.plist.xml; path = Info.plist; sourceTree = "<group>"; };
		07D970E52566F6C900820A87 /* MyPlayground.playground */ = {isa = PBXFileReference; lastKnownFileType = file.playground; name = MyPlayground.playground; path = "../../../../Library/Autosave Information/MyPlayground.playground"; sourceTree = "<group>"; xcLanguageSpecificationIdentifier = xcode.lang.swift; };
		07F9B4C4256BEC8D00038A59 /* Alerta.swift */ = {isa = PBXFileReference; lastKnownFileType = sourcecode.swift; path = Alerta.swift; sourceTree = "<group>"; };
		07F9B4C7256C03D000038A59 /* RemoveRefeicaoViewController.swift */ = {isa = PBXFileReference; lastKnownFileType = sourcecode.swift; path = RemoveRefeicaoViewController.swift; sourceTree = "<group>"; };
/* End PBXFileReference section */

/* Begin PBXFrameworksBuildPhase section */
		07D970CA2566F43E00820A87 /* Frameworks */ = {
			isa = PBXFrameworksBuildPhase;
			buildActionMask = 2147483647;
			files = (
			);
			runOnlyForDeploymentPostprocessing = 0;
		};
/* End PBXFrameworksBuildPhase section */

/* Begin PBXGroup section */
		07B04E92256732A4007C9D4D /* Models */ = {
			isa = PBXGroup;
			children = (
				07B04E95256732F1007C9D4D /* Refeicao.swift */,
				07B04E9925673346007C9D4D /* Item.swift */,
				07F9B4C4256BEC8D00038A59 /* Alerta.swift */,
				07253196256ED5DA00191A6A /* RefeicaoDAO.swift */,
				07253199256ED94D00191A6A /* ItemDAO.swift */,
			);
			path = Models;
			sourceTree = "<group>";
		};
		07B04E93256732AC007C9D4D /* Controllers */ = {
			isa = PBXGroup;
			children = (
				07D970D42566F43E00820A87 /* ViewController.swift */,
				07A3609725673E020043F8FA /* RefeicoesTableViewController.swift */,
				0705334825698446007E93F7 /* AdicionarItensViewController.swift */,
				07F9B4C7256C03D000038A59 /* RemoveRefeicaoViewController.swift */,
			);
			path = Controllers;
			sourceTree = "<group>";
		};
		07B04E94256732B3007C9D4D /* Views */ = {
			isa = PBXGroup;
			children = (
				07D970D62566F43E00820A87 /* Main.storyboard */,
				0705334925698446007E93F7 /* AdicionarItensViewController.xib */,
			);
			path = Views;
			sourceTree = "<group>";
		};
		07D970C42566F43E00820A87 = {
			isa = PBXGroup;
			children = (
				07D970CF2566F43E00820A87 /* eggplant-brownie */,
				07D970CE2566F43E00820A87 /* Products */,
			);
			sourceTree = "<group>";
		};
		07D970CE2566F43E00820A87 /* Products */ = {
			isa = PBXGroup;
			children = (
				07D970CD2566F43E00820A87 /* eggplant-brownie.app */,
			);
			name = Products;
			sourceTree = "<group>";
		};
		07D970CF2566F43E00820A87 /* eggplant-brownie */ = {
			isa = PBXGroup;
			children = (
				07D970D02566F43E00820A87 /* AppDelegate.swift */,
				07D970D22566F43E00820A87 /* SceneDelegate.swift */,
				07B04E92256732A4007C9D4D /* Models */,
				07B04E94256732B3007C9D4D /* Views */,
				07B04E93256732AC007C9D4D /* Controllers */,
				07D970D92566F43F00820A87 /* Assets.xcassets */,
				07D970E52566F6C900820A87 /* MyPlayground.playground */,
				07D970DB2566F43F00820A87 /* LaunchScreen.storyboard */,
				07D970DE2566F43F00820A87 /* Info.plist */,
			);
			path = "eggplant-brownie";
			sourceTree = "<group>";
		};
/* End PBXGroup section */

/* Begin PBXNativeTarget section */
		07D970CC2566F43E00820A87 /* eggplant-brownie */ = {
			isa = PBXNativeTarget;
			buildConfigurationList = 07D970E12566F43F00820A87 /* Build configuration list for PBXNativeTarget "eggplant-brownie" */;
			buildPhases = (
				07D970C92566F43E00820A87 /* Sources */,
				07D970CA2566F43E00820A87 /* Frameworks */,
				07D970CB2566F43E00820A87 /* Resources */,
			);
			buildRules = (
			);
			dependencies = (
			);
			name = "eggplant-brownie";
			productName = "eggplant-brownie";
			productReference = 07D970CD2566F43E00820A87 /* eggplant-brownie.app */;
			productType = "com.apple.product-type.application";
		};
/* End PBXNativeTarget section */

/* Begin PBXProject section */
		07D970C52566F43E00820A87 /* Project object */ = {
			isa = PBXProject;
			attributes = {
				LastSwiftUpdateCheck = 1220;
				LastUpgradeCheck = 1220;
				TargetAttributes = {
					07D970CC2566F43E00820A87 = {
						CreatedOnToolsVersion = 12.2;
					};
				};
			};
			buildConfigurationList = 07D970C82566F43E00820A87 /* Build configuration list for PBXProject "eggplant-brownie" */;
			compatibilityVersion = "Xcode 9.3";
			developmentRegion = en;
			hasScannedForEncodings = 0;
			knownRegions = (
				en,
				Base,
			);
			mainGroup = 07D970C42566F43E00820A87;
			productRefGroup = 07D970CE2566F43E00820A87 /* Products */;
			projectDirPath = "";
			projectRoot = "";
			targets = (
				07D970CC2566F43E00820A87 /* eggplant-brownie */,
			);
		};
/* End PBXProject section */

/* Begin PBXResourcesBuildPhase section */
		07D970CB2566F43E00820A87 /* Resources */ = {
			isa = PBXResourcesBuildPhase;
			buildActionMask = 2147483647;
			files = (
				07D970DD2566F43F00820A87 /* LaunchScreen.storyboard in Resources */,
				07D970DA2566F43F00820A87 /* Assets.xcassets in Resources */,
				0705334B25698446007E93F7 /* AdicionarItensViewController.xib in Resources */,
				07D970D82566F43E00820A87 /* Main.storyboard in Resources */,
			);
			runOnlyForDeploymentPostprocessing = 0;
		};
/* End PBXResourcesBuildPhase section */

/* Begin PBXSourcesBuildPhase section */
		07D970C92566F43E00820A87 /* Sources */ = {
			isa = PBXSourcesBuildPhase;
			buildActionMask = 2147483647;
			files = (
				07253197256ED5DA00191A6A /* RefeicaoDAO.swift in Sources */,
				07F9B4C5256BEC8D00038A59 /* Alerta.swift in Sources */,
				0725319A256ED94D00191A6A /* ItemDAO.swift in Sources */,
				07B04E9A25673346007C9D4D /* Item.swift in Sources */,
				07D970D52566F43E00820A87 /* ViewController.swift in Sources */,
				07F9B4C8256C03D000038A59 /* RemoveRefeicaoViewController.swift in Sources */,
				0705334A25698446007E93F7 /* AdicionarItensViewController.swift in Sources */,
				07D970D12566F43E00820A87 /* AppDelegate.swift in Sources */,
				07A3609825673E020043F8FA /* RefeicoesTableViewController.swift in Sources */,
				07D970D32566F43E00820A87 /* SceneDelegate.swift in Sources */,
				07B04E96256732F1007C9D4D /* Refeicao.swift in Sources */,
			);
			runOnlyForDeploymentPostprocessing = 0;
		};
/* End PBXSourcesBuildPhase section */

/* Begin PBXVariantGroup section */
		07D970D62566F43E00820A87 /* Main.storyboard */ = {
			isa = PBXVariantGroup;
			children = (
				07D970D72566F43E00820A87 /* Base */,
			);
			name = Main.storyboard;
			sourceTree = "<group>";
		};
		07D970DB2566F43F00820A87 /* LaunchScreen.storyboard */ = {
			isa = PBXVariantGroup;
			children = (
				07D970DC2566F43F00820A87 /* Base */,
			);
			name = LaunchScreen.storyboard;
			sourceTree = "<group>";
		};
/* End PBXVariantGroup section */

/* Begin XCBuildConfiguration section */
		07D970DF2566F43F00820A87 /* Debug */ = {
			isa = XCBuildConfiguration;
			buildSettings = {
				ALWAYS_SEARCH_USER_PATHS = NO;
				CLANG_ANALYZER_NONNULL = YES;
				CLANG_ANALYZER_NUMBER_OBJECT_CONVERSION = YES_AGGRESSIVE;
				CLANG_CXX_LANGUAGE_STANDARD = "gnu++14";
				CLANG_CXX_LIBRARY = "libc++";
				CLANG_ENABLE_MODULES = YES;
				CLANG_ENABLE_OBJC_ARC = YES;
				CLANG_ENABLE_OBJC_WEAK = YES;
				CLANG_WARN_BLOCK_CAPTURE_AUTORELEASING = YES;
				CLANG_WARN_BOOL_CONVERSION = YES;
				CLANG_WARN_COMMA = YES;
				CLANG_WARN_CONSTANT_CONVERSION = YES;
				CLANG_WARN_DEPRECATED_OBJC_IMPLEMENTATIONS = YES;
				CLANG_WARN_DIRECT_OBJC_ISA_USAGE = YES_ERROR;
				CLANG_WARN_DOCUMENTATION_COMMENTS = YES;
				CLANG_WARN_EMPTY_BODY = YES;
				CLANG_WARN_ENUM_CONVERSION = YES;
				CLANG_WARN_INFINITE_RECURSION = YES;
				CLANG_WARN_INT_CONVERSION = YES;
				CLANG_WARN_NON_LITERAL_NULL_CONVERSION = YES;
				CLANG_WARN_OBJC_IMPLICIT_RETAIN_SELF = YES;
				CLANG_WARN_OBJC_LITERAL_CONVERSION = YES;
				CLANG_WARN_OBJC_ROOT_CLASS = YES_ERROR;
				CLANG_WARN_QUOTED_INCLUDE_IN_FRAMEWORK_HEADER = YES;
				CLANG_WARN_RANGE_LOOP_ANALYSIS = YES;
				CLANG_WARN_STRICT_PROTOTYPES = YES;
				CLANG_WARN_SUSPICIOUS_MOVE = YES;
				CLANG_WARN_UNGUARDED_AVAILABILITY = YES_AGGRESSIVE;
				CLANG_WARN_UNREACHABLE_CODE = YES;
				CLANG_WARN__DUPLICATE_METHOD_MATCH = YES;
				COPY_PHASE_STRIP = NO;
				DEBUG_INFORMATION_FORMAT = dwarf;
				ENABLE_STRICT_OBJC_MSGSEND = YES;
				ENABLE_TESTABILITY = YES;
				GCC_C_LANGUAGE_STANDARD = gnu11;
				GCC_DYNAMIC_NO_PIC = NO;
				GCC_NO_COMMON_BLOCKS = YES;
				GCC_OPTIMIZATION_LEVEL = 0;
				GCC_PREPROCESSOR_DEFINITIONS = (
					"DEBUG=1",
					"$(inherited)",
				);
				GCC_WARN_64_TO_32_BIT_CONVERSION = YES;
				GCC_WARN_ABOUT_RETURN_TYPE = YES_ERROR;
				GCC_WARN_UNDECLARED_SELECTOR = YES;
				GCC_WARN_UNINITIALIZED_AUTOS = YES_AGGRESSIVE;
				GCC_WARN_UNUSED_FUNCTION = YES;
				GCC_WARN_UNUSED_VARIABLE = YES;
				IPHONEOS_DEPLOYMENT_TARGET = 14.2;
				MTL_ENABLE_DEBUG_INFO = INCLUDE_SOURCE;
				MTL_FAST_MATH = YES;
				ONLY_ACTIVE_ARCH = YES;
				SDKROOT = iphoneos;
				SWIFT_ACTIVE_COMPILATION_CONDITIONS = DEBUG;
				SWIFT_OPTIMIZATION_LEVEL = "-Onone";
			};
			name = Debug;
		};
		07D970E02566F43F00820A87 /* Release */ = {
			isa = XCBuildConfiguration;
			buildSettings = {
				ALWAYS_SEARCH_USER_PATHS = NO;
				CLANG_ANALYZER_NONNULL = YES;
				CLANG_ANALYZER_NUMBER_OBJECT_CONVERSION = YES_AGGRESSIVE;
				CLANG_CXX_LANGUAGE_STANDARD = "gnu++14";
				CLANG_CXX_LIBRARY = "libc++";
				CLANG_ENABLE_MODULES = YES;
				CLANG_ENABLE_OBJC_ARC = YES;
				CLANG_ENABLE_OBJC_WEAK = YES;
				CLANG_WARN_BLOCK_CAPTURE_AUTORELEASING = YES;
				CLANG_WARN_BOOL_CONVERSION = YES;
				CLANG_WARN_COMMA = YES;
				CLANG_WARN_CONSTANT_CONVERSION = YES;
				CLANG_WARN_DEPRECATED_OBJC_IMPLEMENTATIONS = YES;
				CLANG_WARN_DIRECT_OBJC_ISA_USAGE = YES_ERROR;
				CLANG_WARN_DOCUMENTATION_COMMENTS = YES;
				CLANG_WARN_EMPTY_BODY = YES;
				CLANG_WARN_ENUM_CONVERSION = YES;
				CLANG_WARN_INFINITE_RECURSION = YES;
				CLANG_WARN_INT_CONVERSION = YES;
				CLANG_WARN_NON_LITERAL_NULL_CONVERSION = YES;
				CLANG_WARN_OBJC_IMPLICIT_RETAIN_SELF = YES;
				CLANG_WARN_OBJC_LITERAL_CONVERSION = YES;
				CLANG_WARN_OBJC_ROOT_CLASS = YES_ERROR;
				CLANG_WARN_QUOTED_INCLUDE_IN_FRAMEWORK_HEADER = YES;
				CLANG_WARN_RANGE_LOOP_ANALYSIS = YES;
				CLANG_WARN_STRICT_PROTOTYPES = YES;
				CLANG_WARN_SUSPICIOUS_MOVE = YES;
				CLANG_WARN_UNGUARDED_AVAILABILITY = YES_AGGRESSIVE;
				CLANG_WARN_UNREACHABLE_CODE = YES;
				CLANG_WARN__DUPLICATE_METHOD_MATCH = YES;
				COPY_PHASE_STRIP = NO;
				DEBUG_INFORMATION_FORMAT = "dwarf-with-dsym";
				ENABLE_NS_ASSERTIONS = NO;
				ENABLE_STRICT_OBJC_MSGSEND = YES;
				GCC_C_LANGUAGE_STANDARD = gnu11;
				GCC_NO_COMMON_BLOCKS = YES;
				GCC_WARN_64_TO_32_BIT_CONVERSION = YES;
				GCC_WARN_ABOUT_RETURN_TYPE = YES_ERROR;
				GCC_WARN_UNDECLARED_SELECTOR = YES;
				GCC_WARN_UNINITIALIZED_AUTOS = YES_AGGRESSIVE;
				GCC_WARN_UNUSED_FUNCTION = YES;
				GCC_WARN_UNUSED_VARIABLE = YES;
				IPHONEOS_DEPLOYMENT_TARGET = 14.2;
				MTL_ENABLE_DEBUG_INFO = NO;
				MTL_FAST_MATH = YES;
				SDKROOT = iphoneos;
				SWIFT_COMPILATION_MODE = wholemodule;
				SWIFT_OPTIMIZATION_LEVEL = "-O";
				VALIDATE_PRODUCT = YES;
			};
			name = Release;
		};
		07D970E22566F43F00820A87 /* Debug */ = {
			isa = XCBuildConfiguration;
			buildSettings = {
				ASSETCATALOG_COMPILER_APPICON_NAME = AppIcon;
				ASSETCATALOG_COMPILER_GLOBAL_ACCENT_COLOR_NAME = AccentColor;
				CODE_SIGN_STYLE = Automatic;
				DEVELOPMENT_TEAM = HD777GC7QY;
				INFOPLIST_FILE = "eggplant-brownie/Info.plist";
				LD_RUNPATH_SEARCH_PATHS = (
					"$(inherited)",
					"@executable_path/Frameworks",
				);
				PRODUCT_BUNDLE_IDENTIFIER = "com.alansoares.eggplant-brownie";
				PRODUCT_NAME = "$(TARGET_NAME)";
				SWIFT_VERSION = 5.0;
				TARGETED_DEVICE_FAMILY = "1,2";
			};
			name = Debug;
		};
		07D970E32566F43F00820A87 /* Release */ = {
			isa = XCBuildConfiguration;
			buildSettings = {
				ASSETCATALOG_COMPILER_APPICON_NAME = AppIcon;
				ASSETCATALOG_COMPILER_GLOBAL_ACCENT_COLOR_NAME = AccentColor;
				CODE_SIGN_STYLE = Automatic;
				DEVELOPMENT_TEAM = HD777GC7QY;
				INFOPLIST_FILE = "eggplant-brownie/Info.plist";
				LD_RUNPATH_SEARCH_PATHS = (
					"$(inherited)",
					"@executable_path/Frameworks",
				);
				PRODUCT_BUNDLE_IDENTIFIER = "com.alansoares.eggplant-brownie";
				PRODUCT_NAME = "$(TARGET_NAME)";
				SWIFT_VERSION = 5.0;
				TARGETED_DEVICE_FAMILY = "1,2";
			};
			name = Release;
		};
/* End XCBuildConfiguration section */

/* Begin XCConfigurationList section */
		07D970C82566F43E00820A87 /* Build configuration list for PBXProject "eggplant-brownie" */ = {
			isa = XCConfigurationList;
			buildConfigurations = (
				07D970DF2566F43F00820A87 /* Debug */,
				07D970E02566F43F00820A87 /* Release */,
			);
			defaultConfigurationIsVisible = 0;
			defaultConfigurationName = Release;
		};
		07D970E12566F43F00820A87 /* Build configuration list for PBXNativeTarget "eggplant-brownie" */ = {
			isa = XCConfigurationList;
			buildConfigurations = (
				07D970E22566F43F00820A87 /* Debug */,
				07D970E32566F43F00820A87 /* Release */,
			);
			defaultConfigurationIsVisible = 0;
			defaultConfigurationName = Release;
		};
/* End XCConfigurationList section */
	};
	rootObject = 07D970C52566F43E00820A87 /* Project object */;
}
